{
  "name": "vamuveindex",
  "version": "1.0.0",
  "lockfileVersion": 1,
  "requires": true,
  "dependencies": {
    "flipclock": {
      "version": "0.7.8",
      "resolved": "https://registry.npmjs.org/flipclock/-/flipclock-0.7.8.tgz",
      "integrity": "sha1-838ffKkETZAsH+4fGuf0vR7vGlQ=",
      "requires": {
        "jquery": "3.2.1"
      }
    },
    "jquery": {
      "version": "3.2.1",
      "resolved": "https://registry.npmjs.org/jquery/-/jquery-3.2.1.tgz",
      "integrity": "sha1-XE2d5lKvbNCncBVKYxu6ErAVx4c="
    },
    "moment": {
      "version": "2.20.1",
      "resolved": "https://registry.npmjs.org/moment/-/moment-2.20.1.tgz",
      "integrity": "sha512-Yh9y73JRljxW5QxN08Fner68eFLxM5ynNOAw2LbIB1YAGeQzZT8QFSUvkAz609Zf+IHhhaUxqZK8dG3W/+HEvg=="
    }
  }
}
